
Microsoft Visual Studio Solution File, Format Version 12.00
# Visual Studio 15
VisualStudioVersion = 15.0.27703.2018
MinimumVisualStudioVersion = 10.0.40219.1
Project("{FAE04EC0-301F-11D3-BF4B-00C04F79EFBC}") = "area", "area\area.csproj", "{456A81DF-97C7-4BEA-97DA-6ED9359B4253}"
EndProject
Global
	GlobalSection(SolutionConfigurationPlatforms) = preSolution
		Debug|Any CPU = Debug|Any CPU
		Release|Any CPU = Release|Any CPU
	EndGlobalSection
	GlobalSection(ProjectConfigurationPlatforms) = postSolution
		{456A81DF-97C7-4BEA-97DA-6ED9359B4253}.Debug|Any CPU.ActiveCfg = Debug|Any CPU
		{456A81DF-97C7-4BEA-97DA-6ED9359B4253}.Debug|Any CPU.Build.0 = Debug|Any CPU
		{456A81DF-97C7-4BEA-97DA-6ED9359B4253}.Release|Any CPU.ActiveCfg = Release|Any CPU
		{456A81DF-97C7-4BEA-97DA-6ED9359B4253}.Release|Any CPU.Build.0 = Release|Any CPU
	EndGlobalSection
	GlobalSection(SolutionProperties) = preSolution
		HideSolutionNode = FALSE
	EndGlobalSection
	GlobalSection(ExtensibilityGlobals) = postSolution
		SolutionGuid = {86FAFC6F-ADC8-46C1-9CE0-C83E50EEBA46}
	EndGlobalSection
EndGlobal
